// !$*UTF8*$!
{
	archiveVersion = 1;
	classes = {
	};
	objectVersion = 48;
	objects = {

/* Begin PBXBuildFile section */
		CD75201D1E08EF54C5DEDD16 /* libPods-iNetWorkKit.a in Frameworks */ = {isa = PBXBuildFile; fileRef = A139D18E827217268FF4D845 /* libPods-iNetWorkKit.a */; };
		CFB213692060F55800B23A36 /* iNetWorkKit.h in Headers */ = {isa = PBXBuildFile; fileRef = CFB2135C2060F55800B23A36 /* iNetWorkKit.h */; settings = {ATTRIBUTES = (Public, ); }; };
		CFB2136A2060F55800B23A36 /* HttpConnection.m in Sources */ = {isa = PBXBuildFile; fileRef = CFB2135E2060F55800B23A36 /* HttpConnection.m */; };
		CFB2136B2060F55800B23A36 /* BaseRequest+HttpStub.h in Headers */ = {isa = PBXBuildFile; fileRef = CFB2135F2060F55800B23A36 /* BaseRequest+HttpStub.h */; settings = {ATTRIBUTES = (Public, ); }; };
		CFB2136C2060F55800B23A36 /* BaseRequest.m in Sources */ = {isa = PBXBuildFile; fileRef = CFB213602060F55800B23A36 /* BaseRequest.m */; };
		CFB2136D2060F55800B23A36 /* NetWorkManager.m in Sources */ = {isa = PBXBuildFile; fileRef = CFB213612060F55800B23A36 /* NetWorkManager.m */; };
		CFB2136E2060F55800B23A36 /* NetWorkConfig.m in Sources */ = {isa = PBXBuildFile; fileRef = CFB213622060F55800B23A36 /* NetWorkConfig.m */; };
		CFB2136F2060F55800B23A36 /* Macro_NetWorkEnum.h in Headers */ = {isa = PBXBuildFile; fileRef = CFB213632060F55800B23A36 /* Macro_NetWorkEnum.h */; settings = {ATTRIBUTES = (Public, ); }; };
		CFB213702060F55800B23A36 /* HttpConnection.h in Headers */ = {isa = PBXBuildFile; fileRef = CFB213642060F55800B23A36 /* HttpConnection.h */; };
		CFB213712060F55800B23A36 /* BaseRequest+HttpStub.m in Sources */ = {isa = PBXBuildFile; fileRef = CFB213652060F55800B23A36 /* BaseRequest+HttpStub.m */; };
		CFB213722060F55800B23A36 /* NetWorkConfig.h in Headers */ = {isa = PBXBuildFile; fileRef = CFB213662060F55800B23A36 /* NetWorkConfig.h */; settings = {ATTRIBUTES = (Public, ); }; };
		CFB213732060F55800B23A36 /* NetWorkManager.h in Headers */ = {isa = PBXBuildFile; fileRef = CFB213672060F55800B23A36 /* NetWorkManager.h */; settings = {ATTRIBUTES = (Public, ); }; };
		CFB213742060F55800B23A36 /* BaseRequest.h in Headers */ = {isa = PBXBuildFile; fileRef = CFB213682060F55800B23A36 /* BaseRequest.h */; settings = {ATTRIBUTES = (Public, ); }; };
		CFB213752060F6A000B23A36 /* iCore.framework in Frameworks */ = {isa = PBXBuildFile; fileRef = CFB213762060F6A000B23A36 /* iCore.framework */; };
/* End PBXBuildFile section */

/* Begin PBXFileReference section */
		A139D18E827217268FF4D845 /* libPods-iNetWorkKit.a */ = {isa = PBXFileReference; explicitFileType = archive.ar; includeInIndex = 0; path = "libPods-iNetWorkKit.a"; sourceTree = BUILT_PRODUCTS_DIR; };
		A9D21E4042F189D96913110E /* Pods-iNetWorkKit.release.xcconfig */ = {isa = PBXFileReference; includeInIndex = 1; lastKnownFileType = text.xcconfig; name = "Pods-iNetWorkKit.release.xcconfig"; path = "../Pods/Target Support Files/Pods-iNetWorkKit/Pods-iNetWorkKit.release.xcconfig"; sourceTree = "<group>"; };
		CFB212262060E12200B23A36 /* iNetWorkKit.framework */ = {isa = PBXFileReference; explicitFileType = wrapper.framework; includeInIndex = 0; path = iNetWorkKit.framework; sourceTree = BUILT_PRODUCTS_DIR; };
		CFB2122A2060E12200B23A36 /* Info.plist */ = {isa = PBXFileReference; lastKnownFileType = text.plist.xml; path = Info.plist; sourceTree = "<group>"; };
		CFB2135C2060F55800B23A36 /* iNetWorkKit.h */ = {isa = PBXFileReference; fileEncoding = 4; lastKnownFileType = sourcecode.c.h; path = iNetWorkKit.h; sourceTree = "<group>"; };
		CFB2135E2060F55800B23A36 /* HttpConnection.m */ = {isa = PBXFileReference; fileEncoding = 4; lastKnownFileType = sourcecode.c.objc; path = HttpConnection.m; sourceTree = "<group>"; };
		CFB2135F2060F55800B23A36 /* BaseRequest+HttpStub.h */ = {isa = PBXFileReference; fileEncoding = 4; lastKnownFileType = sourcecode.c.h; path = "BaseRequest+HttpStub.h"; sourceTree = "<group>"; };
		CFB213602060F55800B23A36 /* BaseRequest.m */ = {isa = PBXFileReference; fileEncoding = 4; lastKnownFileType = sourcecode.c.objc; path = BaseRequest.m; sourceTree = "<group>"; };
		CFB213612060F55800B23A36 /* NetWorkManager.m */ = {isa = PBXFileReference; fileEncoding = 4; lastKnownFileType = sourcecode.c.objc; path = NetWorkManager.m; sourceTree = "<group>"; };
		CFB213622060F55800B23A36 /* NetWorkConfig.m */ = {isa = PBXFileReference; fileEncoding = 4; lastKnownFileType = sourcecode.c.objc; path = NetWorkConfig.m; sourceTree = "<group>"; };
		CFB213632060F55800B23A36 /* Macro_NetWorkEnum.h */ = {isa = PBXFileReference; fileEncoding = 4; lastKnownFileType = sourcecode.c.h; path = Macro_NetWorkEnum.h; sourceTree = "<group>"; };
		CFB213642060F55800B23A36 /* HttpConnection.h */ = {isa = PBXFileReference; fileEncoding = 4; lastKnownFileType = sourcecode.c.h; path = HttpConnection.h; sourceTree = "<group>"; };
		CFB213652060F55800B23A36 /* BaseRequest+HttpStub.m */ = {isa = PBXFileReference; fileEncoding = 4; lastKnownFileType = sourcecode.c.objc; path = "BaseRequest+HttpStub.m"; sourceTree = "<group>"; };
		CFB213662060F55800B23A36 /* NetWorkConfig.h */ = {isa = PBXFileReference; fileEncoding = 4; lastKnownFileType = sourcecode.c.h; path = NetWorkConfig.h; sourceTree = "<group>"; };
		CFB213672060F55800B23A36 /* NetWorkManager.h */ = {isa = PBXFileReference; fileEncoding = 4; lastKnownFileType = sourcecode.c.h; path = NetWorkManager.h; sourceTree = "<group>"; };
		CFB213682060F55800B23A36 /* BaseRequest.h */ = {isa = PBXFileReference; fileEncoding = 4; lastKnownFileType = sourcecode.c.h; path = BaseRequest.h; sourceTree = "<group>"; };
		CFB213762060F6A000B23A36 /* iCore.framework */ = {isa = PBXFileReference; explicitFileType = wrapper.framework; path = iCore.framework; sourceTree = BUILT_PRODUCTS_DIR; };
		EBE7CCFB06C675F5009E7841 /* Pods-iNetWorkKit.debug.xcconfig */ = {isa = PBXFileReference; includeInIndex = 1; lastKnownFileType = text.xcconfig; name = "Pods-iNetWorkKit.debug.xcconfig"; path = "../Pods/Target Support Files/Pods-iNetWorkKit/Pods-iNetWorkKit.debug.xcconfig"; sourceTree = "<group>"; };
/* End PBXFileReference section */

/* Begin PBXFrameworksBuildPhase section */
		CFB212222060E12200B23A36 /* Frameworks */ = {
			isa = PBXFrameworksBuildPhase;
			buildActionMask = 2147483647;
			files = (
				CFB213752060F6A000B23A36 /* iCore.framework in Frameworks */,
				CD75201D1E08EF54C5DEDD16 /* libPods-iNetWorkKit.a in Frameworks */,
			);
			runOnlyForDeploymentPostprocessing = 0;
		};
/* End PBXFrameworksBuildPhase section */

/* Begin PBXGroup section */
		7998E47010C9E0B1EDB8C2B3 /* Frameworks */ = {
			isa = PBXGroup;
			children = (
				CFB213762060F6A000B23A36 /* iCore.framework */,
				A139D18E827217268FF4D845 /* libPods-iNetWorkKit.a */,
			);
			name = Frameworks;
			sourceTree = "<group>";
		};
		CFB2121C2060E12200B23A36 = {
			isa = PBXGroup;
			children = (
				CFB212282060E12200B23A36 /* iNetWorkKit */,
				CFB212272060E12200B23A36 /* Products */,
				F21186DEBFBCA478CB2ECA19 /* Pods */,
				7998E47010C9E0B1EDB8C2B3 /* Frameworks */,
			);
			sourceTree = "<group>";
		};
		CFB212272060E12200B23A36 /* Products */ = {
			isa = PBXGroup;
			children = (
				CFB212262060E12200B23A36 /* iNetWorkKit.framework */,
			);
			name = Products;
			sourceTree = "<group>";
		};
		CFB212282060E12200B23A36 /* iNetWorkKit */ = {
			isa = PBXGroup;
			children = (
				CFB2135B2060F55800B23A36 /* Header */,
				CFB2135D2060F55800B23A36 /* NetWork */,
				CFB2122A2060E12200B23A36 /* Info.plist */,
			);
			path = iNetWorkKit;
			sourceTree = "<group>";
		};
		CFB2135B2060F55800B23A36 /* Header */ = {
			isa = PBXGroup;
			children = (
				CFB2135C2060F55800B23A36 /* iNetWorkKit.h */,
			);
			path = Header;
			sourceTree = "<group>";
		};
		CFB2135D2060F55800B23A36 /* NetWork */ = {
			isa = PBXGroup;
			children = (
				CFB213682060F55800B23A36 /* BaseRequest.h */,
				CFB213602060F55800B23A36 /* BaseRequest.m */,
				CFB2135F2060F55800B23A36 /* BaseRequest+HttpStub.h */,
				CFB213652060F55800B23A36 /* BaseRequest+HttpStub.m */,
				CFB213642060F55800B23A36 /* HttpConnection.h */,
				CFB2135E2060F55800B23A36 /* HttpConnection.m */,
				CFB213632060F55800B23A36 /* Macro_NetWorkEnum.h */,
				CFB213662060F55800B23A36 /* NetWorkConfig.h */,
				CFB213622060F55800B23A36 /* NetWorkConfig.m */,
				CFB213672060F55800B23A36 /* NetWorkManager.h */,
				CFB213612060F55800B23A36 /* NetWorkManager.m */,
			);
			path = NetWork;
			sourceTree = "<group>";
		};
		F21186DEBFBCA478CB2ECA19 /* Pods */ = {
			isa = PBXGroup;
			children = (
				EBE7CCFB06C675F5009E7841 /* Pods-iNetWorkKit.debug.xcconfig */,
				A9D21E4042F189D96913110E /* Pods-iNetWorkKit.release.xcconfig */,
			);
			name = Pods;
			sourceTree = "<group>";
		};
/* End PBXGroup section */

/* Begin PBXHeadersBuildPhase section */
		CFB212232060E12200B23A36 /* Headers */ = {
			isa = PBXHeadersBuildPhase;
			buildActionMask = 2147483647;
			files = (
				CFB213732060F55800B23A36 /* NetWorkManager.h in Headers */,
				CFB2136B2060F55800B23A36 /* BaseRequest+HttpStub.h in Headers */,
				CFB2136F2060F55800B23A36 /* Macro_NetWorkEnum.h in Headers */,
				CFB213742060F55800B23A36 /* BaseRequest.h in Headers */,
				CFB213702060F55800B23A36 /* HttpConnection.h in Headers */,
				CFB213722060F55800B23A36 /* NetWorkConfig.h in Headers */,
				CFB213692060F55800B23A36 /* iNetWorkKit.h in Headers */,
			);
			runOnlyForDeploymentPostprocessing = 0;
		};
/* End PBXHeadersBuildPhase section */

/* Begin PBXNativeTarget section */
		CFB212252060E12200B23A36 /* iNetWorkKit */ = {
			isa = PBXNativeTarget;
			buildConfigurationList = CFB2122E2060E12200B23A36 /* Build configuration list for PBXNativeTarget "iNetWorkKit" */;
			buildPhases = (
				07934785EEB04775166B89B3 /* [CP] Check Pods Manifest.lock */,
				CFB212212060E12200B23A36 /* Sources */,
				CFB212222060E12200B23A36 /* Frameworks */,
				CFB212232060E12200B23A36 /* Headers */,
				CFB212242060E12200B23A36 /* Resources */,
				9A676E882876E8EB6CCE938D /* [CP] Copy Pods Resources */,
			);
			buildRules = (
			);
			dependencies = (
			);
			name = iNetWorkKit;
			productName = iNetWorkKit;
			productReference = CFB212262060E12200B23A36 /* iNetWorkKit.framework */;
			productType = "com.apple.product-type.framework";
		};
/* End PBXNativeTarget section */

/* Begin PBXProject section */
		CFB2121D2060E12200B23A36 /* Project object */ = {
			isa = PBXProject;
			attributes = {
				LastUpgradeCheck = 0920;
				ORGANIZATIONNAME = renqingyang;
				TargetAttributes = {
					CFB212252060E12200B23A36 = {
						CreatedOnToolsVersion = 9.2;
						ProvisioningStyle = Automatic;
					};
				};
			};
			buildConfigurationList = CFB212202060E12200B23A36 /* Build configuration list for PBXProject "iNetWorkKit" */;
			compatibilityVersion = "Xcode 8.0";
			developmentRegion = en;
			hasScannedForEncodings = 0;
			knownRegions = (
				en,
			);
			mainGroup = CFB2121C2060E12200B23A36;
			productRefGroup = CFB212272060E12200B23A36 /* Products */;
			projectDirPath = "";
			projectRoot = "";
			targets = (
				CFB212252060E12200B23A36 /* iNetWorkKit */,
			);
		};
/* End PBXProject section */

/* Begin PBXResourcesBuildPhase section */
		CFB212242060E12200B23A36 /* Resources */ = {
			isa = PBXResourcesBuildPhase;
			buildActionMask = 2147483647;
			files = (
			);
			runOnlyForDeploymentPostprocessing = 0;
		};
/* End PBXResourcesBuildPhase section */

/* Begin PBXShellScriptBuildPhase section */
		07934785EEB04775166B89B3 /* [CP] Check Pods Manifest.lock */ = {
			isa = PBXShellScriptBuildPhase;
			buildActionMask = 2147483647;
			files = (
			);
			inputPaths = (
				"${PODS_PODFILE_DIR_PATH}/Podfile.lock",
				"${PODS_ROOT}/Manifest.lock",
			);
			name = "[CP] Check Pods Manifest.lock";
			outputPaths = (
				"$(DERIVED_FILE_DIR)/Pods-iNetWorkKit-checkManifestLockResult.txt",
			);
			runOnlyForDeploymentPostprocessing = 0;
			shellPath = /bin/sh;
			shellScript = "diff \"${PODS_PODFILE_DIR_PATH}/Podfile.lock\" \"${PODS_ROOT}/Manifest.lock\" > /dev/null\nif [ $? != 0 ] ; then\n    # print error to STDERR\n    echo \"error: The sandbox is not in sync with the Podfile.lock. Run 'pod install' or update your CocoaPods installation.\" >&2\n    exit 1\nfi\n# This output is used by Xcode 'outputs' to avoid re-running this script phase.\necho \"SUCCESS\" > \"${SCRIPT_OUTPUT_FILE_0}\"\n";
			showEnvVarsInLog = 0;
		};
		9A676E882876E8EB6CCE938D /* [CP] Copy Pods Resources */ = {
			isa = PBXShellScriptBuildPhase;
			buildActionMask = 2147483647;
			files = (
			);
			inputPaths = (
			);
			name = "[CP] Copy Pods Resources";
			outputPaths = (
			);
			runOnlyForDeploymentPostprocessing = 0;
			shellPath = /bin/sh;
			shellScript = "\"${SRCROOT}/../Pods/Target Support Files/Pods-iNetWorkKit/Pods-iNetWorkKit-resources.sh\"\n";
			showEnvVarsInLog = 0;
		};
/* End PBXShellScriptBuildPhase section */

/* Begin PBXSourcesBuildPhase section */
		CFB212212060E12200B23A36 /* Sources */ = {
			isa = PBXSourcesBuildPhase;
			buildActionMask = 2147483647;
			files = (
				CFB2136A2060F55800B23A36 /* HttpConnection.m in Sources */,
				CFB213712060F55800B23A36 /* BaseRequest+HttpStub.m in Sources */,
				CFB2136D2060F55800B23A36 /* NetWorkManager.m in Sources */,
				CFB2136C2060F55800B23A36 /* BaseRequest.m in Sources */,
				CFB2136E2060F55800B23A36 /* NetWorkConfig.m in Sources */,
			);
			runOnlyForDeploymentPostprocessing = 0;
		};
/* End PBXSourcesBuildPhase section */

/* Begin XCBuildConfiguration section */
		CFB2122C2060E12200B23A36 /* Debug */ = {
			isa = XCBuildConfiguration;
			buildSettings = {
				ALWAYS_SEARCH_USER_PATHS = NO;
				CLANG_ANALYZER_NONNULL = YES;
				CLANG_ANALYZER_NUMBER_OBJECT_CONVERSION = YES_AGGRESSIVE;
				CLANG_CXX_LANGUAGE_STANDARD = "gnu++14";
				CLANG_CXX_LIBRARY = "libc++";
				CLANG_ENABLE_MODULES = YES;
				CLANG_ENABLE_OBJC_ARC = YES;
				CLANG_WARN_BLOCK_CAPTURE_AUTORELEASING = YES;
				CLANG_WARN_BOOL_CONVERSION = YES;
				CLANG_WARN_COMMA = YES;
				CLANG_WARN_CONSTANT_CONVERSION = YES;
				CLANG_WARN_DIRECT_OBJC_ISA_USAGE = YES_ERROR;
				CLANG_WARN_DOCUMENTATION_COMMENTS = YES;
				CLANG_WARN_EMPTY_BODY = YES;
				CLANG_WARN_ENUM_CONVERSION = YES;
				CLANG_WARN_INFINITE_RECURSION = YES;
				CLANG_WARN_INT_CONVERSION = YES;
				CLANG_WARN_NON_LITERAL_NULL_CONVERSION = YES;
				CLANG_WARN_OBJC_LITERAL_CONVERSION = YES;
				CLANG_WARN_OBJC_ROOT_CLASS = YES_ERROR;
				CLANG_WARN_RANGE_LOOP_ANALYSIS = YES;
				CLANG_WARN_STRICT_PROTOTYPES = YES;
				CLANG_WARN_SUSPICIOUS_MOVE = YES;
				CLANG_WARN_UNGUARDED_AVAILABILITY = YES_AGGRESSIVE;
				CLANG_WARN_UNREACHABLE_CODE = YES;
				CLANG_WARN__DUPLICATE_METHOD_MATCH = YES;
				CODE_SIGN_IDENTITY = "iPhone Developer";
				COPY_PHASE_STRIP = NO;
				CURRENT_PROJECT_VERSION = 1;
				DEBUG_INFORMATION_FORMAT = dwarf;
				ENABLE_STRICT_OBJC_MSGSEND = YES;
				ENABLE_TESTABILITY = YES;
				GCC_C_LANGUAGE_STANDARD = gnu11;
				GCC_DYNAMIC_NO_PIC = NO;
				GCC_NO_COMMON_BLOCKS = YES;
				GCC_OPTIMIZATION_LEVEL = 0;
				GCC_PREPROCESSOR_DEFINITIONS = (
					"DEBUG=1",
					"$(inherited)",
				);
				GCC_WARN_64_TO_32_BIT_CONVERSION = YES;
				GCC_WARN_ABOUT_RETURN_TYPE = YES_ERROR;
				GCC_WARN_UNDECLARED_SELECTOR = YES;
				GCC_WARN_UNINITIALIZED_AUTOS = YES_AGGRESSIVE;
				GCC_WARN_UNUSED_FUNCTION = YES;
				GCC_WARN_UNUSED_VARIABLE = YES;
				IPHONEOS_DEPLOYMENT_TARGET = 11.2;
				MTL_ENABLE_DEBUG_INFO = YES;
				ONLY_ACTIVE_ARCH = YES;
				SDKROOT = iphoneos;
				VERSIONING_SYSTEM = "apple-generic";
				VERSION_INFO_PREFIX = "";
			};
			name = Debug;
		};
		CFB2122D2060E12200B23A36 /* Release */ = {
			isa = XCBuildConfiguration;
			buildSettings = {
				ALWAYS_SEARCH_USER_PATHS = NO;
				CLANG_ANALYZER_NONNULL = YES;
				CLANG_ANALYZER_NUMBER_OBJECT_CONVERSION = YES_AGGRESSIVE;
				CLANG_CXX_LANGUAGE_STANDARD = "gnu++14";
				CLANG_CXX_LIBRARY = "libc++";
				CLANG_ENABLE_MODULES = YES;
				CLANG_ENABLE_OBJC_ARC = YES;
				CLANG_WARN_BLOCK_CAPTURE_AUTORELEASING = YES;
				CLANG_WARN_BOOL_CONVERSION = YES;
				CLANG_WARN_COMMA = YES;
				CLANG_WARN_CONSTANT_CONVERSION = YES;
				CLANG_WARN_DIRECT_OBJC_ISA_USAGE = YES_ERROR;
				CLANG_WARN_DOCUMENTATION_COMMENTS = YES;
				CLANG_WARN_EMPTY_BODY = YES;
				CLANG_WARN_ENUM_CONVERSION = YES;
				CLANG_WARN_INFINITE_RECURSION = YES;
				CLANG_WARN_INT_CONVERSION = YES;
				CLANG_WARN_NON_LITERAL_NULL_CONVERSION = YES;
				CLANG_WARN_OBJC_LITERAL_CONVERSION = YES;
				CLANG_WARN_OBJC_ROOT_CLASS = YES_ERROR;
				CLANG_WARN_RANGE_LOOP_ANALYSIS = YES;
				CLANG_WARN_STRICT_PROTOTYPES = YES;
				CLANG_WARN_SUSPICIOUS_MOVE = YES;
				CLANG_WARN_UNGUARDED_AVAILABILITY = YES_AGGRESSIVE;
				CLANG_WARN_UNREACHABLE_CODE = YES;
				CLANG_WARN__DUPLICATE_METHOD_MATCH = YES;
				CODE_SIGN_IDENTITY = "iPhone Developer";
				COPY_PHASE_STRIP = NO;
				CURRENT_PROJECT_VERSION = 1;
				DEBUG_INFORMATION_FORMAT = "dwarf-with-dsym";
				ENABLE_NS_ASSERTIONS = NO;
				ENABLE_STRICT_OBJC_MSGSEND = YES;
				GCC_C_LANGUAGE_STANDARD = gnu11;
				GCC_NO_COMMON_BLOCKS = YES;
				GCC_WARN_64_TO_32_BIT_CONVERSION = YES;
				GCC_WARN_ABOUT_RETURN_TYPE = YES_ERROR;
				GCC_WARN_UNDECLARED_SELECTOR = YES;
				GCC_WARN_UNINITIALIZED_AUTOS = YES_AGGRESSIVE;
				GCC_WARN_UNUSED_FUNCTION = YES;
				GCC_WARN_UNUSED_VARIABLE = YES;
				IPHONEOS_DEPLOYMENT_TARGET = 11.2;
				MTL_ENABLE_DEBUG_INFO = NO;
				SDKROOT = iphoneos;
				VALIDATE_PRODUCT = YES;
				VERSIONING_SYSTEM = "apple-generic";
				VERSION_INFO_PREFIX = "";
			};
			name = Release;
		};
		CFB2122F2060E12200B23A36 /* Debug */ = {
			isa = XCBuildConfiguration;
			baseConfigurationReference = EBE7CCFB06C675F5009E7841 /* Pods-iNetWorkKit.debug.xcconfig */;
			buildSettings = {
				CODE_SIGN_IDENTITY = "";
				CODE_SIGN_STYLE = Automatic;
				DEFINES_MODULE = YES;
				DYLIB_COMPATIBILITY_VERSION = 1;
				DYLIB_CURRENT_VERSION = 1;
				DYLIB_INSTALL_NAME_BASE = "@rpath";
				INFOPLIST_FILE = iNetWorkKit/Info.plist;
				INSTALL_PATH = "$(LOCAL_LIBRARY_DIR)/Frameworks";
				LD_RUNPATH_SEARCH_PATHS = "$(inherited) @executable_path/Frameworks @loader_path/Frameworks";
				PRODUCT_BUNDLE_IDENTIFIER = com.mobileOA.iNetWorkKit;
				PRODUCT_NAME = "$(TARGET_NAME:c99extidentifier)";
				SKIP_INSTALL = YES;
				TARGETED_DEVICE_FAMILY = "1,2";
			};
			name = Debug;
		};
		CFB212302060E12200B23A36 /* Release */ = {
			isa = XCBuildConfiguration;
			baseConfigurationReference = A9D21E4042F189D96913110E /* Pods-iNetWorkKit.release.xcconfig */;
			buildSettings = {
				CODE_SIGN_IDENTITY = "";
				CODE_SIGN_STYLE = Automatic;
				DEFINES_MODULE = YES;
				DYLIB_COMPATIBILITY_VERSION = 1;
				DYLIB_CURRENT_VERSION = 1;
				DYLIB_INSTALL_NAME_BASE = "@rpath";
				INFOPLIST_FILE = iNetWorkKit/Info.plist;
				INSTALL_PATH = "$(LOCAL_LIBRARY_DIR)/Frameworks";
				LD_RUNPATH_SEARCH_PATHS = "$(inherited) @executable_path/Frameworks @loader_path/Frameworks";
				PRODUCT_BUNDLE_IDENTIFIER = com.mobileOA.iNetWorkKit;
				PRODUCT_NAME = "$(TARGET_NAME:c99extidentifier)";
				SKIP_INSTALL = YES;
				TARGETED_DEVICE_FAMILY = "1,2";
			};
			name = Release;
		};
/* End XCBuildConfiguration section */

/* Begin XCConfigurationList section */
		CFB212202060E12200B23A36 /* Build configuration list for PBXProject "iNetWorkKit" */ = {
			isa = XCConfigurationList;
			buildConfigurations = (
				CFB2122C2060E12200B23A36 /* Debug */,
				CFB2122D2060E12200B23A36 /* Release */,
			);
			defaultConfigurationIsVisible = 0;
			defaultConfigurationName = Release;
		};
		CFB2122E2060E12200B23A36 /* Build configuration list for PBXNativeTarget "iNetWorkKit" */ = {
			isa = XCConfigurationList;
			buildConfigurations = (
				CFB2122F2060E12200B23A36 /* Debug */,
				CFB212302060E12200B23A36 /* Release */,
			);
			defaultConfigurationIsVisible = 0;
			defaultConfigurationName = Release;
		};
/* End XCConfigurationList section */
	};
	rootObject = CFB2121D2060E12200B23A36 /* Project object */;
}
